// !$*UTF8*$!
{
	archiveVersion = 1;
	classes = {
	};
	objectVersion = 53;
	objects = {

/* Begin PBXBuildFile section */
		870B809A27AABF34006EE171 /* ImageProvider.swift in Sources */ = {isa = PBXBuildFile; fileRef = 870B809927AABF34006EE171 /* ImageProvider.swift */; };
		870B809C27AAC1A7006EE171 /* ArtistsDataSource.swift in Sources */ = {isa = PBXBuildFile; fileRef = 870B809B27AAC1A7006EE171 /* ArtistsDataSource.swift */; };
		871200812850C47600D9F662 /* AlbumRepository.swift in Sources */ = {isa = PBXBuildFile; fileRef = 871200802850C47600D9F662 /* AlbumRepository.swift */; };
		871200872850CC5F00D9F662 /* AlbumResponse.swift in Sources */ = {isa = PBXBuildFile; fileRef = 871200862850CC5F00D9F662 /* AlbumResponse.swift */; };
		871200892850CE4F00D9F662 /* ArtistsResponse.swift in Sources */ = {isa = PBXBuildFile; fileRef = 871200882850CE4E00D9F662 /* ArtistsResponse.swift */; };
		871AD3B827E326BB00550553 /* Context.swift in Sources */ = {isa = PBXBuildFile; fileRef = 871AD3B627E326BB00550553 /* Context.swift */; };
		871AD3B927E326BB00550553 /* Screens.swift in Sources */ = {isa = PBXBuildFile; fileRef = 871AD3B727E326BB00550553 /* Screens.swift */; };
		871AD3BB27E34BDC00550553 /* AppCoordinator.swift in Sources */ = {isa = PBXBuildFile; fileRef = 871AD3BA27E34BDC00550553 /* AppCoordinator.swift */; };
		871AD3BD27E34E0F00550553 /* TabBarCoordinator.swift in Sources */ = {isa = PBXBuildFile; fileRef = 871AD3BC27E34E0F00550553 /* TabBarCoordinator.swift */; };
		871AD3C227E353C100550553 /* AlbumCoordinator.swift in Sources */ = {isa = PBXBuildFile; fileRef = 871AD3C127E353C100550553 /* AlbumCoordinator.swift */; };
		871F3EFC2823C32A005CE8C2 /* AlbumDetailsDataSource.swift in Sources */ = {isa = PBXBuildFile; fileRef = 871F3EFB2823C32A005CE8C2 /* AlbumDetailsDataSource.swift */; };
		871F3F352823F413005CE8C2 /* ArtistCell.swift in Sources */ = {isa = PBXBuildFile; fileRef = 871F3F342823F413005CE8C2 /* ArtistCell.swift */; };
		8728438C27997BFC004040D9 /* Bundle+Tests.swift in Sources */ = {isa = PBXBuildFile; fileRef = 8728438B27997BFC004040D9 /* Bundle+Tests.swift */; };
		8728438E279981C0004040D9 /* MockData.swift in Sources */ = {isa = PBXBuildFile; fileRef = 8728438D279981C0004040D9 /* MockData.swift */; };
		873910312805B70B0059C063 /* ImageRepository.swift in Sources */ = {isa = PBXBuildFile; fileRef = 873910302805B70B0059C063 /* ImageRepository.swift */; };
		873D5BBA282132990004B06B /* AlbumDetailsViewController.swift in Sources */ = {isa = PBXBuildFile; fileRef = 873D5BB9282132990004B06B /* AlbumDetailsViewController.swift */; };
		873D5BBC2821358B0004B06B /* AlbumDetailsViewModel.swift in Sources */ = {isa = PBXBuildFile; fileRef = 873D5BBB2821358B0004B06B /* AlbumDetailsViewModel.swift */; };
		873D5BC228213E480004B06B /* AlbumDetailsCell.swift in Sources */ = {isa = PBXBuildFile; fileRef = 873D5BC128213E480004B06B /* AlbumDetailsCell.swift */; };
		873D5BC428214FCA0004B06B /* Album.swift in Sources */ = {isa = PBXBuildFile; fileRef = 873D5BC328214FCA0004B06B /* Album.swift */; };
		874903D42800B14E0057C6C4 /* SnapKit in Frameworks */ = {isa = PBXBuildFile; productRef = 874903D32800B14E0057C6C4 /* SnapKit */; };
		876132A527970AE700CBE3BA /* ArtistsEndpoint.swift in Sources */ = {isa = PBXBuildFile; fileRef = 876132A427970AE700CBE3BA /* ArtistsEndpoint.swift */; };
		876132A727970B1200CBE3BA /* ArtistsViewModelTests.swift in Sources */ = {isa = PBXBuildFile; fileRef = 876132A627970B1200CBE3BA /* ArtistsViewModelTests.swift */; };
		876132A92797154700CBE3BA /* ArtistsResponse.json in Resources */ = {isa = PBXBuildFile; fileRef = 876132A82797154700CBE3BA /* ArtistsResponse.json */; };
		876132AB27971C3A00CBE3BA /* InvalidArtistsResponse.json in Sources */ = {isa = PBXBuildFile; fileRef = 876132AA27971C3900CBE3BA /* InvalidArtistsResponse.json */; };
		876132AD27971DC200CBE3BA /* ArtistsRepositoryTests.swift in Sources */ = {isa = PBXBuildFile; fileRef = 876132AC27971DC200CBE3BA /* ArtistsRepositoryTests.swift */; };
		8786E31628007C0400A30D9F /* ArtistCellViewModel.swift in Sources */ = {isa = PBXBuildFile; fileRef = 8786E31528007C0400A30D9F /* ArtistCellViewModel.swift */; };
		878F895327A157DC0024AF98 /* Artist.swift in Sources */ = {isa = PBXBuildFile; fileRef = 878F895227A157DC0024AF98 /* Artist.swift */; };
		87B9EE3E27E4A12800B9FD2C /* ArtistCoordinator.swift in Sources */ = {isa = PBXBuildFile; fileRef = 87B9EE3D27E4A12800B9FD2C /* ArtistCoordinator.swift */; };
		8E2253E3277AF075002DFEB8 /* Helper.swift in Sources */ = {isa = PBXBuildFile; fileRef = 8E2253E2277AF075002DFEB8 /* Helper.swift */; };
		8E2253F3277B008B002DFEB8 /* ArtistsViewModel.swift in Sources */ = {isa = PBXBuildFile; fileRef = 8E2253F0277B008B002DFEB8 /* ArtistsViewModel.swift */; };
		8E2253F4277B008B002DFEB8 /* ArtistsRepository.swift in Sources */ = {isa = PBXBuildFile; fileRef = 8E2253F1277B008B002DFEB8 /* ArtistsRepository.swift */; };
		8E2253F5277B008B002DFEB8 /* ArtistsViewController.swift in Sources */ = {isa = PBXBuildFile; fileRef = 8E2253F2277B008B002DFEB8 /* ArtistsViewController.swift */; };
		8E5E1B1727831362007905AF /* Endpoint.swift in Sources */ = {isa = PBXBuildFile; fileRef = 8E5E1B1227831362007905AF /* Endpoint.swift */; };
		8E5E1B1827831362007905AF /* JSONParser.swift in Sources */ = {isa = PBXBuildFile; fileRef = 8E5E1B1327831362007905AF /* JSONParser.swift */; };
		8E5E1B1927831362007905AF /* HTTPClient.swift in Sources */ = {isa = PBXBuildFile; fileRef = 8E5E1B1427831362007905AF /* HTTPClient.swift */; };
		8E5E1B1A27831362007905AF /* RequestBuilder.swift in Sources */ = {isa = PBXBuildFile; fileRef = 8E5E1B1527831362007905AF /* RequestBuilder.swift */; };
		8E5E1B1B27831362007905AF /* RequestCancellationToken.swift in Sources */ = {isa = PBXBuildFile; fileRef = 8E5E1B1627831362007905AF /* RequestCancellationToken.swift */; };
		8E8300392771FEC0009CCDA8 /* AppDelegate.swift in Sources */ = {isa = PBXBuildFile; fileRef = 8E8300382771FEC0009CCDA8 /* AppDelegate.swift */; };
		8E8300422771FEC2009CCDA8 /* Assets.xcassets in Resources */ = {isa = PBXBuildFile; fileRef = 8E8300412771FEC2009CCDA8 /* Assets.xcassets */; };
		8E8300452771FEC2009CCDA8 /* LaunchScreen.storyboard in Resources */ = {isa = PBXBuildFile; fileRef = 8E8300432771FEC2009CCDA8 /* LaunchScreen.storyboard */; };
		8EDE38E2277201E20065C06A /* README.md in Resources */ = {isa = PBXBuildFile; fileRef = 8EDE38E1277201E20065C06A /* README.md */; };
/* End PBXBuildFile section */

/* Begin PBXContainerItemProxy section */
		8E83004C2771FEC2009CCDA8 /* PBXContainerItemProxy */ = {
			isa = PBXContainerItemProxy;
			containerPortal = 8E83002D2771FEBF009CCDA8 /* Project object */;
			proxyType = 1;
			remoteGlobalIDString = 8E8300342771FEC0009CCDA8;
			remoteInfo = SoundsBinder;
		};
/* End PBXContainerItemProxy section */

/* Begin PBXFileReference section */
		870B809927AABF34006EE171 /* ImageProvider.swift */ = {isa = PBXFileReference; lastKnownFileType = sourcecode.swift; path = ImageProvider.swift; sourceTree = "<group>"; };
		870B809B27AAC1A7006EE171 /* ArtistsDataSource.swift */ = {isa = PBXFileReference; lastKnownFileType = sourcecode.swift; path = ArtistsDataSource.swift; sourceTree = "<group>"; };
		871200802850C47600D9F662 /* AlbumRepository.swift */ = {isa = PBXFileReference; lastKnownFileType = sourcecode.swift; path = AlbumRepository.swift; sourceTree = "<group>"; };
		871200862850CC5F00D9F662 /* AlbumResponse.swift */ = {isa = PBXFileReference; fileEncoding = 4; lastKnownFileType = sourcecode.swift; path = AlbumResponse.swift; sourceTree = "<group>"; };
		871200882850CE4E00D9F662 /* ArtistsResponse.swift */ = {isa = PBXFileReference; fileEncoding = 4; lastKnownFileType = sourcecode.swift; path = ArtistsResponse.swift; sourceTree = "<group>"; };
		871AD3B627E326BB00550553 /* Context.swift */ = {isa = PBXFileReference; fileEncoding = 4; lastKnownFileType = sourcecode.swift; path = Context.swift; sourceTree = "<group>"; };
		871AD3B727E326BB00550553 /* Screens.swift */ = {isa = PBXFileReference; fileEncoding = 4; lastKnownFileType = sourcecode.swift; path = Screens.swift; sourceTree = "<group>"; };
		871AD3BA27E34BDC00550553 /* AppCoordinator.swift */ = {isa = PBXFileReference; lastKnownFileType = sourcecode.swift; path = AppCoordinator.swift; sourceTree = "<group>"; };
		871AD3BC27E34E0F00550553 /* TabBarCoordinator.swift */ = {isa = PBXFileReference; fileEncoding = 4; lastKnownFileType = sourcecode.swift; path = TabBarCoordinator.swift; sourceTree = "<group>"; };
		871AD3C127E353C100550553 /* AlbumCoordinator.swift */ = {isa = PBXFileReference; lastKnownFileType = sourcecode.swift; path = AlbumCoordinator.swift; sourceTree = "<group>"; };
		871F3EFB2823C32A005CE8C2 /* AlbumDetailsDataSource.swift */ = {isa = PBXFileReference; lastKnownFileType = sourcecode.swift; path = AlbumDetailsDataSource.swift; sourceTree = "<group>"; };
		871F3F342823F413005CE8C2 /* ArtistCell.swift */ = {isa = PBXFileReference; fileEncoding = 4; lastKnownFileType = sourcecode.swift; path = ArtistCell.swift; sourceTree = "<group>"; };
		8728438B27997BFC004040D9 /* Bundle+Tests.swift */ = {isa = PBXFileReference; lastKnownFileType = sourcecode.swift; path = "Bundle+Tests.swift"; sourceTree = "<group>"; };
		8728438D279981C0004040D9 /* MockData.swift */ = {isa = PBXFileReference; lastKnownFileType = sourcecode.swift; path = MockData.swift; sourceTree = "<group>"; };
		873910302805B70B0059C063 /* ImageRepository.swift */ = {isa = PBXFileReference; lastKnownFileType = sourcecode.swift; path = ImageRepository.swift; sourceTree = "<group>"; };
		873D5BB9282132990004B06B /* AlbumDetailsViewController.swift */ = {isa = PBXFileReference; lastKnownFileType = sourcecode.swift; path = AlbumDetailsViewController.swift; sourceTree = "<group>"; };
		873D5BBB2821358B0004B06B /* AlbumDetailsViewModel.swift */ = {isa = PBXFileReference; lastKnownFileType = sourcecode.swift; path = AlbumDetailsViewModel.swift; sourceTree = "<group>"; };
		873D5BC128213E480004B06B /* AlbumDetailsCell.swift */ = {isa = PBXFileReference; lastKnownFileType = sourcecode.swift; path = AlbumDetailsCell.swift; sourceTree = "<group>"; };
		873D5BC328214FCA0004B06B /* Album.swift */ = {isa = PBXFileReference; lastKnownFileType = sourcecode.swift; path = Album.swift; sourceTree = "<group>"; };
		876132A427970AE700CBE3BA /* ArtistsEndpoint.swift */ = {isa = PBXFileReference; fileEncoding = 4; lastKnownFileType = sourcecode.swift; path = ArtistsEndpoint.swift; sourceTree = "<group>"; };
		876132A627970B1200CBE3BA /* ArtistsViewModelTests.swift */ = {isa = PBXFileReference; fileEncoding = 4; lastKnownFileType = sourcecode.swift; path = ArtistsViewModelTests.swift; sourceTree = "<group>"; };
		876132A82797154700CBE3BA /* ArtistsResponse.json */ = {isa = PBXFileReference; lastKnownFileType = text.json; path = ArtistsResponse.json; sourceTree = "<group>"; };
		876132AA27971C3900CBE3BA /* InvalidArtistsResponse.json */ = {isa = PBXFileReference; lastKnownFileType = text.json; path = InvalidArtistsResponse.json; sourceTree = "<group>"; };
		876132AC27971DC200CBE3BA /* ArtistsRepositoryTests.swift */ = {isa = PBXFileReference; lastKnownFileType = sourcecode.swift; path = ArtistsRepositoryTests.swift; sourceTree = "<group>"; };
		8786E31528007C0400A30D9F /* ArtistCellViewModel.swift */ = {isa = PBXFileReference; lastKnownFileType = sourcecode.swift; path = ArtistCellViewModel.swift; sourceTree = "<group>"; };
		878F895227A157DC0024AF98 /* Artist.swift */ = {isa = PBXFileReference; lastKnownFileType = sourcecode.swift; path = Artist.swift; sourceTree = "<group>"; };
		87B9EE3D27E4A12800B9FD2C /* ArtistCoordinator.swift */ = {isa = PBXFileReference; fileEncoding = 4; lastKnownFileType = sourcecode.swift; path = ArtistCoordinator.swift; sourceTree = "<group>"; };
		8E2253E2277AF075002DFEB8 /* Helper.swift */ = {isa = PBXFileReference; lastKnownFileType = sourcecode.swift; path = Helper.swift; sourceTree = "<group>"; };
		8E2253F0277B008B002DFEB8 /* ArtistsViewModel.swift */ = {isa = PBXFileReference; fileEncoding = 4; lastKnownFileType = sourcecode.swift; name = ArtistsViewModel.swift; path = SoundsBinder/Sources/App/Artists/ArtistsViewModel.swift; sourceTree = SOURCE_ROOT; };
		8E2253F1277B008B002DFEB8 /* ArtistsRepository.swift */ = {isa = PBXFileReference; fileEncoding = 4; lastKnownFileType = sourcecode.swift; name = ArtistsRepository.swift; path = SoundsBinder/Sources/App/Artists/ArtistsRepository.swift; sourceTree = SOURCE_ROOT; };
		8E2253F2277B008B002DFEB8 /* ArtistsViewController.swift */ = {isa = PBXFileReference; fileEncoding = 4; lastKnownFileType = sourcecode.swift; name = ArtistsViewController.swift; path = SoundsBinder/Sources/App/Artists/ArtistsViewController.swift; sourceTree = SOURCE_ROOT; };
		8E5E1B1227831362007905AF /* Endpoint.swift */ = {isa = PBXFileReference; fileEncoding = 4; lastKnownFileType = sourcecode.swift; path = Endpoint.swift; sourceTree = "<group>"; };
		8E5E1B1327831362007905AF /* JSONParser.swift */ = {isa = PBXFileReference; fileEncoding = 4; lastKnownFileType = sourcecode.swift; path = JSONParser.swift; sourceTree = "<group>"; };
		8E5E1B1427831362007905AF /* HTTPClient.swift */ = {isa = PBXFileReference; fileEncoding = 4; lastKnownFileType = sourcecode.swift; path = HTTPClient.swift; sourceTree = "<group>"; };
		8E5E1B1527831362007905AF /* RequestBuilder.swift */ = {isa = PBXFileReference; fileEncoding = 4; lastKnownFileType = sourcecode.swift; path = RequestBuilder.swift; sourceTree = "<group>"; };
		8E5E1B1627831362007905AF /* RequestCancellationToken.swift */ = {isa = PBXFileReference; fileEncoding = 4; lastKnownFileType = sourcecode.swift; path = RequestCancellationToken.swift; sourceTree = "<group>"; };
		8E8300352771FEC0009CCDA8 /* SoundsBinder.app */ = {isa = PBXFileReference; explicitFileType = wrapper.application; includeInIndex = 0; path = SoundsBinder.app; sourceTree = BUILT_PRODUCTS_DIR; };
		8E8300382771FEC0009CCDA8 /* AppDelegate.swift */ = {isa = PBXFileReference; lastKnownFileType = sourcecode.swift; path = AppDelegate.swift; sourceTree = "<group>"; };
		8E8300412771FEC2009CCDA8 /* Assets.xcassets */ = {isa = PBXFileReference; lastKnownFileType = folder.assetcatalog; path = Assets.xcassets; sourceTree = "<group>"; };
		8E8300442771FEC2009CCDA8 /* Base */ = {isa = PBXFileReference; lastKnownFileType = file.storyboard; name = Base; path = Base.lproj/LaunchScreen.storyboard; sourceTree = "<group>"; };
		8E8300462771FEC2009CCDA8 /* Info.plist */ = {isa = PBXFileReference; lastKnownFileType = text.plist.xml; path = Info.plist; sourceTree = "<group>"; };
		8E83004B2771FEC2009CCDA8 /* SoundsBinderTests.xctest */ = {isa = PBXFileReference; explicitFileType = wrapper.cfbundle; includeInIndex = 0; path = SoundsBinderTests.xctest; sourceTree = BUILT_PRODUCTS_DIR; };
		8EDE38E1277201E20065C06A /* README.md */ = {isa = PBXFileReference; fileEncoding = 4; lastKnownFileType = net.daringfireball.markdown; name = README.md; path = ../README.md; sourceTree = "<group>"; };
/* End PBXFileReference section */

/* Begin PBXFrameworksBuildPhase section */
		8E8300322771FEC0009CCDA8 /* Frameworks */ = {
			isa = PBXFrameworksBuildPhase;
			buildActionMask = 2147483647;
			files = (
				874903D42800B14E0057C6C4 /* SnapKit in Frameworks */,
			);
			runOnlyForDeploymentPostprocessing = 0;
		};
		8E8300482771FEC2009CCDA8 /* Frameworks */ = {
			isa = PBXFrameworksBuildPhase;
			buildActionMask = 2147483647;
			files = (
			);
			runOnlyForDeploymentPostprocessing = 0;
		};
/* End PBXFrameworksBuildPhase section */

/* Begin PBXGroup section */
		870B809627AABE6D006EE171 /* Image */ = {
			isa = PBXGroup;
			children = (
				870B809927AABF34006EE171 /* ImageProvider.swift */,
				873910302805B70B0059C063 /* ImageRepository.swift */,
			);
			path = Image;
			sourceTree = "<group>";
		};
		8719CBE227996DA200553780 /* App */ = {
			isa = PBXGroup;
			children = (
				8719CBE327996DB600553780 /* Artists */,
			);
			path = App;
			sourceTree = "<group>";
		};
		8719CBE327996DB600553780 /* Artists */ = {
			isa = PBXGroup;
			children = (
				876132A627970B1200CBE3BA /* ArtistsViewModelTests.swift */,
				876132AC27971DC200CBE3BA /* ArtistsRepositoryTests.swift */,
			);
			path = Artists;
			sourceTree = "<group>";
		};
		871AD3BE27E350FB00550553 /* Navigation */ = {
			isa = PBXGroup;
			children = (
				871AD3BC27E34E0F00550553 /* TabBarCoordinator.swift */,
				87B9EE3D27E4A12800B9FD2C /* ArtistCoordinator.swift */,
				871AD3C127E353C100550553 /* AlbumCoordinator.swift */,
			);
			path = Navigation;
			sourceTree = "<group>";
		};
		8728438A27997BD7004040D9 /* Helpers */ = {
			isa = PBXGroup;
			children = (
				8728438B27997BFC004040D9 /* Bundle+Tests.swift */,
			);
			path = Helpers;
			sourceTree = "<group>";
		};
		872A549D27E1F2F900A2F24F /* Details */ = {
			isa = PBXGroup;
			children = (
				873D5BB9282132990004B06B /* AlbumDetailsViewController.swift */,
				873D5BBB2821358B0004B06B /* AlbumDetailsViewModel.swift */,
				871F3EFB2823C32A005CE8C2 /* AlbumDetailsDataSource.swift */,
				871200802850C47600D9F662 /* AlbumRepository.swift */,
				873D5BC5282150120004B06B /* Model */,
			);
			path = Details;
			sourceTree = "<group>";
		};
		873D5BC5282150120004B06B /* Model */ = {
			isa = PBXGroup;
			children = (
				873D5BC328214FCA0004B06B /* Album.swift */,
			);
			path = Model;
			sourceTree = "<group>";
		};
		8751725E27FEFF4500DDF41B /* Models */ = {
			isa = PBXGroup;
			children = (
				878F895227A157DC0024AF98 /* Artist.swift */,
			);
			path = Models;
			sourceTree = "<group>";
		};
		876132AE2797201D00CBE3BA /* Mocks */ = {
			isa = PBXGroup;
			children = (
				876132A82797154700CBE3BA /* ArtistsResponse.json */,
				876132AA27971C3900CBE3BA /* InvalidArtistsResponse.json */,
				8728438D279981C0004040D9 /* MockData.swift */,
			);
			path = Mocks;
			sourceTree = "<group>";
		};
		8793E53F27AC8943007AAE57 /* Cells */ = {
			isa = PBXGroup;
			children = (
				871F3F342823F413005CE8C2 /* ArtistCell.swift */,
				8786E31528007C0400A30D9F /* ArtistCellViewModel.swift */,
				873D5BC128213E480004B06B /* AlbumDetailsCell.swift */,
			);
			path = Cells;
			sourceTree = "<group>";
		};
		8E2253E1277AEEEC002DFEB8 /* Domain */ = {
			isa = PBXGroup;
			children = (
				871200882850CE4E00D9F662 /* ArtistsResponse.swift */,
				871200862850CC5F00D9F662 /* AlbumResponse.swift */,
				876132A427970AE700CBE3BA /* ArtistsEndpoint.swift */,
			);
			path = Domain;
			sourceTree = "<group>";
		};
		8E83002C2771FEBF009CCDA8 = {
			isa = PBXGroup;
			children = (
				8EDE38E1277201E20065C06A /* README.md */,
				8E8300372771FEC0009CCDA8 /* SoundsBinder */,
				8E83004E2771FEC2009CCDA8 /* SoundsBinderTests */,
				8E8300362771FEC0009CCDA8 /* Products */,
			);
			sourceTree = "<group>";
		};
		8E8300362771FEC0009CCDA8 /* Products */ = {
			isa = PBXGroup;
			children = (
				8E8300352771FEC0009CCDA8 /* SoundsBinder.app */,
				8E83004B2771FEC2009CCDA8 /* SoundsBinderTests.xctest */,
			);
			name = Products;
			sourceTree = "<group>";
		};
		8E8300372771FEC0009CCDA8 /* SoundsBinder */ = {
			isa = PBXGroup;
			children = (
				8EDE38DF2771FF3C0065C06A /* Sources */,
				8EDE38E02771FF490065C06A /* Ressources */,
			);
			path = SoundsBinder;
			sourceTree = "<group>";
		};
		8E83004E2771FEC2009CCDA8 /* SoundsBinderTests */ = {
			isa = PBXGroup;
			children = (
				8728438A27997BD7004040D9 /* Helpers */,
				876132AE2797201D00CBE3BA /* Mocks */,
				8719CBE227996DA200553780 /* App */,
			);
			path = SoundsBinderTests;
			sourceTree = "<group>";
		};
		8EDE38DF2771FF3C0065C06A /* Sources */ = {
			isa = PBXGroup;
			children = (
				8EDE38EB277205080065C06A /* App */,
				8EDE38ED2772051D0065C06A /* Network */,
			);
			path = Sources;
			sourceTree = "<group>";
		};
		8EDE38E02771FF490065C06A /* Ressources */ = {
			isa = PBXGroup;
			children = (
				8E8300412771FEC2009CCDA8 /* Assets.xcassets */,
				8E8300432771FEC2009CCDA8 /* LaunchScreen.storyboard */,
				8E8300462771FEC2009CCDA8 /* Info.plist */,
			);
			path = Ressources;
			sourceTree = "<group>";
		};
		8EDE38E4277202670065C06A /* Artists */ = {
			isa = PBXGroup;
			children = (
				8E2253F2277B008B002DFEB8 /* ArtistsViewController.swift */,
				8E2253F0277B008B002DFEB8 /* ArtistsViewModel.swift */,
				870B809B27AAC1A7006EE171 /* ArtistsDataSource.swift */,
				8E2253F1277B008B002DFEB8 /* ArtistsRepository.swift */,
				8751725E27FEFF4500DDF41B /* Models */,
				870B809627AABE6D006EE171 /* Image */,
				8793E53F27AC8943007AAE57 /* Cells */,
				8E2253E1277AEEEC002DFEB8 /* Domain */,
			);
			path = Artists;
			sourceTree = "<group>";
		};
		8EDE38EB277205080065C06A /* App */ = {
			isa = PBXGroup;
			children = (
				8E8300382771FEC0009CCDA8 /* AppDelegate.swift */,
				871AD3B627E326BB00550553 /* Context.swift */,
				871AD3BA27E34BDC00550553 /* AppCoordinator.swift */,
				871AD3B727E326BB00550553 /* Screens.swift */,
				8E2253E2277AF075002DFEB8 /* Helper.swift */,
				871AD3BE27E350FB00550553 /* Navigation */,
				8EDE38E4277202670065C06A /* Artists */,
				872A549D27E1F2F900A2F24F /* Details */,
			);
			path = App;
			sourceTree = "<group>";
		};
		8EDE38ED2772051D0065C06A /* Network */ = {
			isa = PBXGroup;
			children = (
				8E5E1B1227831362007905AF /* Endpoint.swift */,
				8E5E1B1427831362007905AF /* HTTPClient.swift */,
				8E5E1B1327831362007905AF /* JSONParser.swift */,
				8E5E1B1527831362007905AF /* RequestBuilder.swift */,
				8E5E1B1627831362007905AF /* RequestCancellationToken.swift */,
			);
			path = Network;
			sourceTree = "<group>";
		};
/* End PBXGroup section */

/* Begin PBXNativeTarget section */
		8E8300342771FEC0009CCDA8 /* SoundsBinder */ = {
			isa = PBXNativeTarget;
			buildConfigurationList = 8E83005F2771FEC2009CCDA8 /* Build configuration list for PBXNativeTarget "SoundsBinder" */;
			buildPhases = (
				8E8300312771FEC0009CCDA8 /* Sources */,
				8E8300322771FEC0009CCDA8 /* Frameworks */,
				8E8300332771FEC0009CCDA8 /* Resources */,
			);
			buildRules = (
			);
			dependencies = (
			);
			name = SoundsBinder;
			packageProductDependencies = (
				874903D32800B14E0057C6C4 /* SnapKit */,
			);
			productName = SoundsBinder;
			productReference = 8E8300352771FEC0009CCDA8 /* SoundsBinder.app */;
			productType = "com.apple.product-type.application";
		};
		8E83004A2771FEC2009CCDA8 /* SoundsBinderTests */ = {
			isa = PBXNativeTarget;
			buildConfigurationList = 8E8300622771FEC2009CCDA8 /* Build configuration list for PBXNativeTarget "SoundsBinderTests" */;
			buildPhases = (
				8E8300472771FEC2009CCDA8 /* Sources */,
				8E8300482771FEC2009CCDA8 /* Frameworks */,
				8E8300492771FEC2009CCDA8 /* Resources */,
			);
			buildRules = (
			);
			dependencies = (
				8E83004D2771FEC2009CCDA8 /* PBXTargetDependency */,
			);
			name = SoundsBinderTests;
			packageProductDependencies = (
			);
			productName = SoundsBinderTests;
			productReference = 8E83004B2771FEC2009CCDA8 /* SoundsBinderTests.xctest */;
			productType = "com.apple.product-type.bundle.unit-test";
		};
/* End PBXNativeTarget section */

/* Begin PBXProject section */
		8E83002D2771FEBF009CCDA8 /* Project object */ = {
			isa = PBXProject;
			attributes = {
				BuildIndependentTargetsInParallel = 1;
				LastSwiftUpdateCheck = 1310;
				LastUpgradeCheck = 1310;
				TargetAttributes = {
					8E8300342771FEC0009CCDA8 = {
						CreatedOnToolsVersion = 13.1;
					};
					8E83004A2771FEC2009CCDA8 = {
						CreatedOnToolsVersion = 13.1;
						TestTargetID = 8E8300342771FEC0009CCDA8;
					};
				};
			};
			buildConfigurationList = 8E8300302771FEBF009CCDA8 /* Build configuration list for PBXProject "SoundsBinder" */;
			compatibilityVersion = "Xcode 10.0";
			developmentRegion = en;
			hasScannedForEncodings = 0;
			knownRegions = (
				en,
				Base,
			);
			mainGroup = 8E83002C2771FEBF009CCDA8;
			packageReferences = (
				874903D22800B14E0057C6C4 /* XCRemoteSwiftPackageReference "SnapKit" */,
			);
			productRefGroup = 8E8300362771FEC0009CCDA8 /* Products */;
			projectDirPath = "";
			projectRoot = "";
			targets = (
				8E8300342771FEC0009CCDA8 /* SoundsBinder */,
				8E83004A2771FEC2009CCDA8 /* SoundsBinderTests */,
			);
		};
/* End PBXProject section */

/* Begin PBXResourcesBuildPhase section */
		8E8300332771FEC0009CCDA8 /* Resources */ = {
			isa = PBXResourcesBuildPhase;
			buildActionMask = 2147483647;
			files = (
				8EDE38E2277201E20065C06A /* README.md in Resources */,
				8E8300452771FEC2009CCDA8 /* LaunchScreen.storyboard in Resources */,
				8E8300422771FEC2009CCDA8 /* Assets.xcassets in Resources */,
			);
			runOnlyForDeploymentPostprocessing = 0;
		};
		8E8300492771FEC2009CCDA8 /* Resources */ = {
			isa = PBXResourcesBuildPhase;
			buildActionMask = 2147483647;
			files = (
				876132A92797154700CBE3BA /* ArtistsResponse.json in Resources */,
			);
			runOnlyForDeploymentPostprocessing = 0;
		};
/* End PBXResourcesBuildPhase section */

/* Begin PBXSourcesBuildPhase section */
		8E8300312771FEC0009CCDA8 /* Sources */ = {
			isa = PBXSourcesBuildPhase;
			buildActionMask = 2147483647;
			files = (
				870B809C27AAC1A7006EE171 /* ArtistsDataSource.swift in Sources */,
				871AD3BD27E34E0F00550553 /* TabBarCoordinator.swift in Sources */,
				873D5BC428214FCA0004B06B /* Album.swift in Sources */,
				8E5E1B1927831362007905AF /* HTTPClient.swift in Sources */,
				8E5E1B1A27831362007905AF /* RequestBuilder.swift in Sources */,
				871200812850C47600D9F662 /* AlbumRepository.swift in Sources */,
				8E2253F5277B008B002DFEB8 /* ArtistsViewController.swift in Sources */,
				873910312805B70B0059C063 /* ImageRepository.swift in Sources */,
				871F3EFC2823C32A005CE8C2 /* AlbumDetailsDataSource.swift in Sources */,
				871F3F352823F413005CE8C2 /* ArtistCell.swift in Sources */,
				8E5E1B1827831362007905AF /* JSONParser.swift in Sources */,
				8E5E1B1B27831362007905AF /* RequestCancellationToken.swift in Sources */,
				873D5BC228213E480004B06B /* AlbumDetailsCell.swift in Sources */,
				870B809A27AABF34006EE171 /* ImageProvider.swift in Sources */,
				871200872850CC5F00D9F662 /* AlbumResponse.swift in Sources */,
				873D5BBC2821358B0004B06B /* AlbumDetailsViewModel.swift in Sources */,
				871AD3BB27E34BDC00550553 /* AppCoordinator.swift in Sources */,
				8E5E1B1727831362007905AF /* Endpoint.swift in Sources */,
				8E2253E3277AF075002DFEB8 /* Helper.swift in Sources */,
				87B9EE3E27E4A12800B9FD2C /* ArtistCoordinator.swift in Sources */,
				871AD3B827E326BB00550553 /* Context.swift in Sources */,
				871200892850CE4F00D9F662 /* ArtistsResponse.swift in Sources */,
				876132A527970AE700CBE3BA /* ArtistsEndpoint.swift in Sources */,
				871AD3B927E326BB00550553 /* Screens.swift in Sources */,
				8E2253F4277B008B002DFEB8 /* ArtistsRepository.swift in Sources */,
				8786E31628007C0400A30D9F /* ArtistCellViewModel.swift in Sources */,
				8E2253F3277B008B002DFEB8 /* ArtistsViewModel.swift in Sources */,
				878F895327A157DC0024AF98 /* Artist.swift in Sources */,
				8E8300392771FEC0009CCDA8 /* AppDelegate.swift in Sources */,
				873D5BBA282132990004B06B /* AlbumDetailsViewController.swift in Sources */,
				871AD3C227E353C100550553 /* AlbumCoordinator.swift in Sources */,
			);
			runOnlyForDeploymentPostprocessing = 0;
		};
		8E8300472771FEC2009CCDA8 /* Sources */ = {
			isa = PBXSourcesBuildPhase;
			buildActionMask = 2147483647;
			files = (
				876132AD27971DC200CBE3BA /* ArtistsRepositoryTests.swift in Sources */,
				8728438C27997BFC004040D9 /* Bundle+Tests.swift in Sources */,
				876132A727970B1200CBE3BA /* ArtistsViewModelTests.swift in Sources */,
				876132AB27971C3A00CBE3BA /* InvalidArtistsResponse.json in Sources */,
				8728438E279981C0004040D9 /* MockData.swift in Sources */,
			);
			runOnlyForDeploymentPostprocessing = 0;
		};
/* End PBXSourcesBuildPhase section */

/* Begin PBXTargetDependency section */
		8E83004D2771FEC2009CCDA8 /* PBXTargetDependency */ = {
			isa = PBXTargetDependency;
			target = 8E8300342771FEC0009CCDA8 /* SoundsBinder */;
			targetProxy = 8E83004C2771FEC2009CCDA8 /* PBXContainerItemProxy */;
		};
/* End PBXTargetDependency section */

/* Begin PBXVariantGroup section */
		8E8300432771FEC2009CCDA8 /* LaunchScreen.storyboard */ = {
			isa = PBXVariantGroup;
			children = (
				8E8300442771FEC2009CCDA8 /* Base */,
			);
			name = LaunchScreen.storyboard;
			sourceTree = "<group>";
		};
/* End PBXVariantGroup section */

/* Begin XCBuildConfiguration section */
		8E83005D2771FEC2009CCDA8 /* Debug */ = {
			isa = XCBuildConfiguration;
			buildSettings = {
				ALWAYS_SEARCH_USER_PATHS = NO;
				CLANG_ANALYZER_NONNULL = YES;
				CLANG_ANALYZER_NUMBER_OBJECT_CONVERSION = YES_AGGRESSIVE;
				CLANG_CXX_LANGUAGE_STANDARD = "gnu++17";
				CLANG_CXX_LIBRARY = "libc++";
				CLANG_ENABLE_MODULES = YES;
				CLANG_ENABLE_OBJC_ARC = YES;
				CLANG_ENABLE_OBJC_WEAK = YES;
				CLANG_WARN_BLOCK_CAPTURE_AUTORELEASING = YES;
				CLANG_WARN_BOOL_CONVERSION = YES;
				CLANG_WARN_COMMA = YES;
				CLANG_WARN_CONSTANT_CONVERSION = YES;
				CLANG_WARN_DEPRECATED_OBJC_IMPLEMENTATIONS = YES;
				CLANG_WARN_DIRECT_OBJC_ISA_USAGE = YES_ERROR;
				CLANG_WARN_DOCUMENTATION_COMMENTS = YES;
				CLANG_WARN_EMPTY_BODY = YES;
				CLANG_WARN_ENUM_CONVERSION = YES;
				CLANG_WARN_INFINITE_RECURSION = YES;
				CLANG_WARN_INT_CONVERSION = YES;
				CLANG_WARN_NON_LITERAL_NULL_CONVERSION = YES;
				CLANG_WARN_OBJC_IMPLICIT_RETAIN_SELF = YES;
				CLANG_WARN_OBJC_LITERAL_CONVERSION = YES;
				CLANG_WARN_OBJC_ROOT_CLASS = YES_ERROR;
				CLANG_WARN_QUOTED_INCLUDE_IN_FRAMEWORK_HEADER = YES;
				CLANG_WARN_RANGE_LOOP_ANALYSIS = YES;
				CLANG_WARN_STRICT_PROTOTYPES = YES;
				CLANG_WARN_SUSPICIOUS_MOVE = YES;
				CLANG_WARN_UNGUARDED_AVAILABILITY = YES_AGGRESSIVE;
				CLANG_WARN_UNREACHABLE_CODE = YES;
				CLANG_WARN__DUPLICATE_METHOD_MATCH = YES;
				COPY_PHASE_STRIP = NO;
				DEBUG_INFORMATION_FORMAT = dwarf;
				ENABLE_STRICT_OBJC_MSGSEND = YES;
				ENABLE_TESTABILITY = YES;
				GCC_C_LANGUAGE_STANDARD = gnu11;
				GCC_DYNAMIC_NO_PIC = NO;
				GCC_NO_COMMON_BLOCKS = YES;
				GCC_OPTIMIZATION_LEVEL = 0;
				GCC_PREPROCESSOR_DEFINITIONS = (
					"DEBUG=1",
					"$(inherited)",
				);
				GCC_WARN_64_TO_32_BIT_CONVERSION = YES;
				GCC_WARN_ABOUT_RETURN_TYPE = YES_ERROR;
				GCC_WARN_UNDECLARED_SELECTOR = YES;
				GCC_WARN_UNINITIALIZED_AUTOS = YES_AGGRESSIVE;
				GCC_WARN_UNUSED_FUNCTION = YES;
				GCC_WARN_UNUSED_VARIABLE = YES;
				IPHONEOS_DEPLOYMENT_TARGET = 13.1;
				MTL_ENABLE_DEBUG_INFO = INCLUDE_SOURCE;
				MTL_FAST_MATH = YES;
				ONLY_ACTIVE_ARCH = YES;
				SDKROOT = iphoneos;
				SWIFT_ACTIVE_COMPILATION_CONDITIONS = DEBUG;
				SWIFT_OPTIMIZATION_LEVEL = "-Onone";
			};
			name = Debug;
		};
		8E83005E2771FEC2009CCDA8 /* Release */ = {
			isa = XCBuildConfiguration;
			buildSettings = {
				ALWAYS_SEARCH_USER_PATHS = NO;
				CLANG_ANALYZER_NONNULL = YES;
				CLANG_ANALYZER_NUMBER_OBJECT_CONVERSION = YES_AGGRESSIVE;
				CLANG_CXX_LANGUAGE_STANDARD = "gnu++17";
				CLANG_CXX_LIBRARY = "libc++";
				CLANG_ENABLE_MODULES = YES;
				CLANG_ENABLE_OBJC_ARC = YES;
				CLANG_ENABLE_OBJC_WEAK = YES;
				CLANG_WARN_BLOCK_CAPTURE_AUTORELEASING = YES;
				CLANG_WARN_BOOL_CONVERSION = YES;
				CLANG_WARN_COMMA = YES;
				CLANG_WARN_CONSTANT_CONVERSION = YES;
				CLANG_WARN_DEPRECATED_OBJC_IMPLEMENTATIONS = YES;
				CLANG_WARN_DIRECT_OBJC_ISA_USAGE = YES_ERROR;
				CLANG_WARN_DOCUMENTATION_COMMENTS = YES;
				CLANG_WARN_EMPTY_BODY = YES;
				CLANG_WARN_ENUM_CONVERSION = YES;
				CLANG_WARN_INFINITE_RECURSION = YES;
				CLANG_WARN_INT_CONVERSION = YES;
				CLANG_WARN_NON_LITERAL_NULL_CONVERSION = YES;
				CLANG_WARN_OBJC_IMPLICIT_RETAIN_SELF = YES;
				CLANG_WARN_OBJC_LITERAL_CONVERSION = YES;
				CLANG_WARN_OBJC_ROOT_CLASS = YES_ERROR;
				CLANG_WARN_QUOTED_INCLUDE_IN_FRAMEWORK_HEADER = YES;
				CLANG_WARN_RANGE_LOOP_ANALYSIS = YES;
				CLANG_WARN_STRICT_PROTOTYPES = YES;
				CLANG_WARN_SUSPICIOUS_MOVE = YES;
				CLANG_WARN_UNGUARDED_AVAILABILITY = YES_AGGRESSIVE;
				CLANG_WARN_UNREACHABLE_CODE = YES;
				CLANG_WARN__DUPLICATE_METHOD_MATCH = YES;
				COPY_PHASE_STRIP = NO;
				DEBUG_INFORMATION_FORMAT = "dwarf-with-dsym";
				ENABLE_NS_ASSERTIONS = NO;
				ENABLE_STRICT_OBJC_MSGSEND = YES;
				GCC_C_LANGUAGE_STANDARD = gnu11;
				GCC_NO_COMMON_BLOCKS = YES;
				GCC_WARN_64_TO_32_BIT_CONVERSION = YES;
				GCC_WARN_ABOUT_RETURN_TYPE = YES_ERROR;
				GCC_WARN_UNDECLARED_SELECTOR = YES;
				GCC_WARN_UNINITIALIZED_AUTOS = YES_AGGRESSIVE;
				GCC_WARN_UNUSED_FUNCTION = YES;
				GCC_WARN_UNUSED_VARIABLE = YES;
				IPHONEOS_DEPLOYMENT_TARGET = 13.1;
				MTL_ENABLE_DEBUG_INFO = NO;
				MTL_FAST_MATH = YES;
				SDKROOT = iphoneos;
				SWIFT_COMPILATION_MODE = wholemodule;
				SWIFT_OPTIMIZATION_LEVEL = "-O";
				VALIDATE_PRODUCT = YES;
			};
			name = Release;
		};
		8E8300602771FEC2009CCDA8 /* Debug */ = {
			isa = XCBuildConfiguration;
			buildSettings = {
				ASSETCATALOG_COMPILER_APPICON_NAME = AppIcon;
				ASSETCATALOG_COMPILER_GLOBAL_ACCENT_COLOR_NAME = AccentColor;
				CODE_SIGN_STYLE = Automatic;
				CURRENT_PROJECT_VERSION = 1;
				DEVELOPMENT_TEAM = 52T6VV3859;
				GENERATE_INFOPLIST_FILE = YES;
				INFOPLIST_FILE = SoundsBinder/Ressources/Info.plist;
				INFOPLIST_KEY_UIApplicationSupportsIndirectInputEvents = YES;
				INFOPLIST_KEY_UILaunchStoryboardName = LaunchScreen;
				INFOPLIST_KEY_UIRequiredDeviceCapabilities = armv7;
				INFOPLIST_KEY_UISupportedInterfaceOrientations = UIInterfaceOrientationPortrait;
				INFOPLIST_KEY_UISupportedInterfaceOrientations_iPad = "UIInterfaceOrientationPortrait UIInterfaceOrientationPortraitUpsideDown UIInterfaceOrientationLandscapeLeft UIInterfaceOrientationLandscapeRight";
				INFOPLIST_KEY_UISupportedInterfaceOrientations_iPhone = "UIInterfaceOrientationPortrait UIInterfaceOrientationLandscapeLeft UIInterfaceOrientationLandscapeRight";
				IPHONEOS_DEPLOYMENT_TARGET = 13.0;
				LD_RUNPATH_SEARCH_PATHS = (
					"$(inherited)",
					"@executable_path/Frameworks",
				);
				MARKETING_VERSION = 1.0;
				PRODUCT_BUNDLE_IDENTIFIER = com.deustchekapital.SoundsBinder;
				PRODUCT_NAME = "$(TARGET_NAME)";
				SWIFT_EMIT_LOC_STRINGS = YES;
				SWIFT_VERSION = 5.0;
				TARGETED_DEVICE_FAMILY = 1;
			};
			name = Debug;
		};
		8E8300612771FEC2009CCDA8 /* Release */ = {
			isa = XCBuildConfiguration;
			buildSettings = {
				ASSETCATALOG_COMPILER_APPICON_NAME = AppIcon;
				ASSETCATALOG_COMPILER_GLOBAL_ACCENT_COLOR_NAME = AccentColor;
				CODE_SIGN_STYLE = Automatic;
				CURRENT_PROJECT_VERSION = 1;
				DEVELOPMENT_TEAM = 52T6VV3859;
				GENERATE_INFOPLIST_FILE = YES;
				INFOPLIST_FILE = SoundsBinder/Ressources/Info.plist;
				INFOPLIST_KEY_UIApplicationSupportsIndirectInputEvents = YES;
				INFOPLIST_KEY_UILaunchStoryboardName = LaunchScreen;
				INFOPLIST_KEY_UIRequiredDeviceCapabilities = armv7;
				INFOPLIST_KEY_UISupportedInterfaceOrientations = UIInterfaceOrientationPortrait;
				INFOPLIST_KEY_UISupportedInterfaceOrientations_iPad = "UIInterfaceOrientationPortrait UIInterfaceOrientationPortraitUpsideDown UIInterfaceOrientationLandscapeLeft UIInterfaceOrientationLandscapeRight";
				INFOPLIST_KEY_UISupportedInterfaceOrientations_iPhone = "UIInterfaceOrientationPortrait UIInterfaceOrientationLandscapeLeft UIInterfaceOrientationLandscapeRight";
				IPHONEOS_DEPLOYMENT_TARGET = 13.0;
				LD_RUNPATH_SEARCH_PATHS = (
					"$(inherited)",
					"@executable_path/Frameworks",
				);
				MARKETING_VERSION = 1.0;
				PRODUCT_BUNDLE_IDENTIFIER = com.deustchekapital.SoundsBinder;
				PRODUCT_NAME = "$(TARGET_NAME)";
				SWIFT_EMIT_LOC_STRINGS = YES;
				SWIFT_VERSION = 5.0;
				TARGETED_DEVICE_FAMILY = 1;
			};
			name = Release;
		};
		8E8300632771FEC2009CCDA8 /* Debug */ = {
			isa = XCBuildConfiguration;
			buildSettings = {
				ALWAYS_EMBED_SWIFT_STANDARD_LIBRARIES = YES;
				BUNDLE_LOADER = "$(TEST_HOST)";
				CODE_SIGN_STYLE = Automatic;
				CURRENT_PROJECT_VERSION = 1;
				DEVELOPMENT_TEAM = 52T6VV3859;
				GENERATE_INFOPLIST_FILE = YES;
				IPHONEOS_DEPLOYMENT_TARGET = 13.0;
				LD_RUNPATH_SEARCH_PATHS = (
					"$(inherited)",
					"@executable_path/Frameworks",
					"@loader_path/Frameworks",
				);
				MARKETING_VERSION = 1.0;
				PRODUCT_BUNDLE_IDENTIFIER = com.deustchekapital.SoundsBinderTests;
				PRODUCT_NAME = "$(TARGET_NAME)";
				SWIFT_EMIT_LOC_STRINGS = NO;
				SWIFT_VERSION = 5.0;
				TARGETED_DEVICE_FAMILY = "1,2";
				TEST_HOST = "$(BUILT_PRODUCTS_DIR)/SoundsBinder.app/SoundsBinder";
			};
			name = Debug;
		};
		8E8300642771FEC2009CCDA8 /* Release */ = {
			isa = XCBuildConfiguration;
			buildSettings = {
				ALWAYS_EMBED_SWIFT_STANDARD_LIBRARIES = YES;
				BUNDLE_LOADER = "$(TEST_HOST)";
				CODE_SIGN_STYLE = Automatic;
				CURRENT_PROJECT_VERSION = 1;
				DEVELOPMENT_TEAM = 52T6VV3859;
				GENERATE_INFOPLIST_FILE = YES;
				IPHONEOS_DEPLOYMENT_TARGET = 13.0;
				LD_RUNPATH_SEARCH_PATHS = (
					"$(inherited)",
					"@executable_path/Frameworks",
					"@loader_path/Frameworks",
				);
				MARKETING_VERSION = 1.0;
				PRODUCT_BUNDLE_IDENTIFIER = com.deustchekapital.SoundsBinderTests;
				PRODUCT_NAME = "$(TARGET_NAME)";
				SWIFT_EMIT_LOC_STRINGS = NO;
				SWIFT_VERSION = 5.0;
				TARGETED_DEVICE_FAMILY = "1,2";
				TEST_HOST = "$(BUILT_PRODUCTS_DIR)/SoundsBinder.app/SoundsBinder";
			};
			name = Release;
		};
/* End XCBuildConfiguration section */

/* Begin XCConfigurationList section */
		8E8300302771FEBF009CCDA8 /* Build configuration list for PBXProject "SoundsBinder" */ = {
			isa = XCConfigurationList;
			buildConfigurations = (
				8E83005D2771FEC2009CCDA8 /* Debug */,
				8E83005E2771FEC2009CCDA8 /* Release */,
			);
			defaultConfigurationIsVisible = 0;
			defaultConfigurationName = Release;
		};
		8E83005F2771FEC2009CCDA8 /* Build configuration list for PBXNativeTarget "SoundsBinder" */ = {
			isa = XCConfigurationList;
			buildConfigurations = (
				8E8300602771FEC2009CCDA8 /* Debug */,
				8E8300612771FEC2009CCDA8 /* Release */,
			);
			defaultConfigurationIsVisible = 0;
			defaultConfigurationName = Release;
		};
		8E8300622771FEC2009CCDA8 /* Build configuration list for PBXNativeTarget "SoundsBinderTests" */ = {
			isa = XCConfigurationList;
			buildConfigurations = (
				8E8300632771FEC2009CCDA8 /* Debug */,
				8E8300642771FEC2009CCDA8 /* Release */,
			);
			defaultConfigurationIsVisible = 0;
			defaultConfigurationName = Release;
		};
/* End XCConfigurationList section */

/* Begin XCRemoteSwiftPackageReference section */
		874903D22800B14E0057C6C4 /* XCRemoteSwiftPackageReference "SnapKit" */ = {
			isa = XCRemoteSwiftPackageReference;
			repositoryURL = "https://github.com/SnapKit/SnapKit.git";
			requirement = {
				kind = exactVersion;
				version = 5.0.1;
			};
		};
/* End XCRemoteSwiftPackageReference section */

/* Begin XCSwiftPackageProductDependency section */
		874903D32800B14E0057C6C4 /* SnapKit */ = {
			isa = XCSwiftPackageProductDependency;
			package = 874903D22800B14E0057C6C4 /* XCRemoteSwiftPackageReference "SnapKit" */;
			productName = SnapKit;
		};
/* End XCSwiftPackageProductDependency section */
	};
	rootObject = 8E83002D2771FEBF009CCDA8 /* Project object */;
}
