// !$*UTF8*$!
{
	archiveVersion = 1;
	classes = {
	};
	objectVersion = 55;
	objects = {

/* Begin PBXBuildFile section */
		8E8300392771FEC0009CCDA8 /* AppDelegate.swift in Sources */ = {isa = PBXBuildFile; fileRef = 8E8300382771FEC0009CCDA8 /* AppDelegate.swift */; };
		8E8300422771FEC2009CCDA8 /* Assets.xcassets in Resources */ = {isa = PBXBuildFile; fileRef = 8E8300412771FEC2009CCDA8 /* Assets.xcassets */; };
		8E8300452771FEC2009CCDA8 /* LaunchScreen.storyboard in Resources */ = {isa = PBXBuildFile; fileRef = 8E8300432771FEC2009CCDA8 /* LaunchScreen.storyboard */; };
		8E8300502771FEC2009CCDA8 /* SoundsBinderTests.swift in Sources */ = {isa = PBXBuildFile; fileRef = 8E83004F2771FEC2009CCDA8 /* SoundsBinderTests.swift */; };
		8EDE38E2277201E20065C06A /* README.md in Resources */ = {isa = PBXBuildFile; fileRef = 8EDE38E1277201E20065C06A /* README.md */; };
/* End PBXBuildFile section */

/* Begin PBXContainerItemProxy section */
		8E83004C2771FEC2009CCDA8 /* PBXContainerItemProxy */ = {
			isa = PBXContainerItemProxy;
			containerPortal = 8E83002D2771FEBF009CCDA8 /* Project object */;
			proxyType = 1;
			remoteGlobalIDString = 8E8300342771FEC0009CCDA8;
			remoteInfo = SoundsBinder;
		};
		8E8300562771FEC2009CCDA8 /* PBXContainerItemProxy */ = {
			isa = PBXContainerItemProxy;
			containerPortal = 8E83002D2771FEBF009CCDA8 /* Project object */;
			proxyType = 1;
			remoteGlobalIDString = 8E8300342771FEC0009CCDA8;
			remoteInfo = SoundsBinder;
		};
/* End PBXContainerItemProxy section */

/* Begin PBXFileReference section */
		8E8300352771FEC0009CCDA8 /* SoundsBinder.app */ = {isa = PBXFileReference; explicitFileType = wrapper.application; includeInIndex = 0; path = SoundsBinder.app; sourceTree = BUILT_PRODUCTS_DIR; };
		8E8300382771FEC0009CCDA8 /* AppDelegate.swift */ = {isa = PBXFileReference; lastKnownFileType = sourcecode.swift; path = AppDelegate.swift; sourceTree = "<group>"; };
		8E8300412771FEC2009CCDA8 /* Assets.xcassets */ = {isa = PBXFileReference; lastKnownFileType = folder.assetcatalog; path = Assets.xcassets; sourceTree = "<group>"; };
		8E8300442771FEC2009CCDA8 /* Base */ = {isa = PBXFileReference; lastKnownFileType = file.storyboard; name = Base; path = Base.lproj/LaunchScreen.storyboard; sourceTree = "<group>"; };
		8E8300462771FEC2009CCDA8 /* Info.plist */ = {isa = PBXFileReference; lastKnownFileType = text.plist.xml; path = Info.plist; sourceTree = "<group>"; };
		8E83004B2771FEC2009CCDA8 /* SoundsBinderTests.xctest */ = {isa = PBXFileReference; explicitFileType = wrapper.cfbundle; includeInIndex = 0; path = SoundsBinderTests.xctest; sourceTree = BUILT_PRODUCTS_DIR; };
		8E83004F2771FEC2009CCDA8 /* SoundsBinderTests.swift */ = {isa = PBXFileReference; lastKnownFileType = sourcecode.swift; path = SoundsBinderTests.swift; sourceTree = "<group>"; };
		8E8300552771FEC2009CCDA8 /* SoundsBinderUITests.xctest */ = {isa = PBXFileReference; explicitFileType = wrapper.cfbundle; includeInIndex = 0; path = SoundsBinderUITests.xctest; sourceTree = BUILT_PRODUCTS_DIR; };
		8EDE38E1277201E20065C06A /* README.md */ = {isa = PBXFileReference; fileEncoding = 4; lastKnownFileType = net.daringfireball.markdown; name = README.md; path = ../README.md; sourceTree = "<group>"; };
/* End PBXFileReference section */

/* Begin PBXFrameworksBuildPhase section */
		8E8300322771FEC0009CCDA8 /* Frameworks */ = {
			isa = PBXFrameworksBuildPhase;
			buildActionMask = 2147483647;
			files = (
			);
			runOnlyForDeploymentPostprocessing = 0;
		};
		8E8300482771FEC2009CCDA8 /* Frameworks */ = {
			isa = PBXFrameworksBuildPhase;
			buildActionMask = 2147483647;
			files = (
			);
			runOnlyForDeploymentPostprocessing = 0;
		};
		8E8300522771FEC2009CCDA8 /* Frameworks */ = {
			isa = PBXFrameworksBuildPhase;
			buildActionMask = 2147483647;
			files = (
			);
			runOnlyForDeploymentPostprocessing = 0;
		};
/* End PBXFrameworksBuildPhase section */

/* Begin PBXGroup section */
		8E83002C2771FEBF009CCDA8 = {
			isa = PBXGroup;
			children = (
				8EDE38E1277201E20065C06A /* README.md */,
				8E8300372771FEC0009CCDA8 /* SoundsBinder */,
				8E83004E2771FEC2009CCDA8 /* SoundsBinderTests */,
				8E8300362771FEC0009CCDA8 /* Products */,
			);
			sourceTree = "<group>";
		};
		8E8300362771FEC0009CCDA8 /* Products */ = {
			isa = PBXGroup;
			children = (
				8E8300352771FEC0009CCDA8 /* SoundsBinder.app */,
				8E83004B2771FEC2009CCDA8 /* SoundsBinderTests.xctest */,
				8E8300552771FEC2009CCDA8 /* SoundsBinderUITests.xctest */,
			);
			name = Products;
			sourceTree = "<group>";
		};
		8E8300372771FEC0009CCDA8 /* SoundsBinder */ = {
			isa = PBXGroup;
			children = (
				8EDE38DF2771FF3C0065C06A /* Sources */,
				8EDE38E02771FF490065C06A /* Ressources */,
			);
			path = SoundsBinder;
			sourceTree = "<group>";
		};
		8E83004E2771FEC2009CCDA8 /* SoundsBinderTests */ = {
			isa = PBXGroup;
			children = (
				8E83004F2771FEC2009CCDA8 /* SoundsBinderTests.swift */,
			);
			path = SoundsBinderTests;
			sourceTree = "<group>";
		};
		8EDE38DF2771FF3C0065C06A /* Sources */ = {
			isa = PBXGroup;
			children = (
				8E8300382771FEC0009CCDA8 /* AppDelegate.swift */,
			);
			path = Sources;
			sourceTree = "<group>";
		};
		8EDE38E02771FF490065C06A /* Ressources */ = {
			isa = PBXGroup;
			children = (
				8E8300412771FEC2009CCDA8 /* Assets.xcassets */,
				8E8300432771FEC2009CCDA8 /* LaunchScreen.storyboard */,
				8E8300462771FEC2009CCDA8 /* Info.plist */,
			);
			path = Ressources;
			sourceTree = "<group>";
		};
/* End PBXGroup section */

/* Begin PBXNativeTarget section */
		8E8300342771FEC0009CCDA8 /* SoundsBinder */ = {
			isa = PBXNativeTarget;
			buildConfigurationList = 8E83005F2771FEC2009CCDA8 /* Build configuration list for PBXNativeTarget "SoundsBinder" */;
			buildPhases = (
				8E8300312771FEC0009CCDA8 /* Sources */,
				8E8300322771FEC0009CCDA8 /* Frameworks */,
				8E8300332771FEC0009CCDA8 /* Resources */,
			);
			buildRules = (
			);
			dependencies = (
			);
			name = SoundsBinder;
			productName = SoundsBinder;
			productReference = 8E8300352771FEC0009CCDA8 /* SoundsBinder.app */;
			productType = "com.apple.product-type.application";
		};
		8E83004A2771FEC2009CCDA8 /* SoundsBinderTests */ = {
			isa = PBXNativeTarget;
			buildConfigurationList = 8E8300622771FEC2009CCDA8 /* Build configuration list for PBXNativeTarget "SoundsBinderTests" */;
			buildPhases = (
				8E8300472771FEC2009CCDA8 /* Sources */,
				8E8300482771FEC2009CCDA8 /* Frameworks */,
				8E8300492771FEC2009CCDA8 /* Resources */,
			);
			buildRules = (
			);
			dependencies = (
				8E83004D2771FEC2009CCDA8 /* PBXTargetDependency */,
			);
			name = SoundsBinderTests;
			productName = SoundsBinderTests;
			productReference = 8E83004B2771FEC2009CCDA8 /* SoundsBinderTests.xctest */;
			productType = "com.apple.product-type.bundle.unit-test";
		};
		8E8300542771FEC2009CCDA8 /* SoundsBinderUITests */ = {
			isa = PBXNativeTarget;
			buildConfigurationList = 8E8300652771FEC2009CCDA8 /* Build configuration list for PBXNativeTarget "SoundsBinderUITests" */;
			buildPhases = (
				8E8300512771FEC2009CCDA8 /* Sources */,
				8E8300522771FEC2009CCDA8 /* Frameworks */,
				8E8300532771FEC2009CCDA8 /* Resources */,
			);
			buildRules = (
			);
			dependencies = (
				8E8300572771FEC2009CCDA8 /* PBXTargetDependency */,
			);
			name = SoundsBinderUITests;
			productName = SoundsBinderUITests;
			productReference = 8E8300552771FEC2009CCDA8 /* SoundsBinderUITests.xctest */;
			productType = "com.apple.product-type.bundle.ui-testing";
		};
/* End PBXNativeTarget section */

/* Begin PBXProject section */
		8E83002D2771FEBF009CCDA8 /* Project object */ = {
			isa = PBXProject;
			attributes = {
				BuildIndependentTargetsInParallel = 1;
				LastSwiftUpdateCheck = 1310;
				LastUpgradeCheck = 1310;
				TargetAttributes = {
					8E8300342771FEC0009CCDA8 = {
						CreatedOnToolsVersion = 13.1;
					};
					8E83004A2771FEC2009CCDA8 = {
						CreatedOnToolsVersion = 13.1;
						TestTargetID = 8E8300342771FEC0009CCDA8;
					};
					8E8300542771FEC2009CCDA8 = {
						CreatedOnToolsVersion = 13.1;
						TestTargetID = 8E8300342771FEC0009CCDA8;
					};
				};
			};
			buildConfigurationList = 8E8300302771FEBF009CCDA8 /* Build configuration list for PBXProject "SoundsBinder" */;
			compatibilityVersion = "Xcode 13.0";
			developmentRegion = en;
			hasScannedForEncodings = 0;
			knownRegions = (
				en,
				Base,
			);
			mainGroup = 8E83002C2771FEBF009CCDA8;
			productRefGroup = 8E8300362771FEC0009CCDA8 /* Products */;
			projectDirPath = "";
			projectRoot = "";
			targets = (
				8E8300342771FEC0009CCDA8 /* SoundsBinder */,
				8E83004A2771FEC2009CCDA8 /* SoundsBinderTests */,
				8E8300542771FEC2009CCDA8 /* SoundsBinderUITests */,
			);
		};
/* End PBXProject section */

/* Begin PBXResourcesBuildPhase section */
		8E8300332771FEC0009CCDA8 /* Resources */ = {
			isa = PBXResourcesBuildPhase;
			buildActionMask = 2147483647;
			files = (
				8EDE38E2277201E20065C06A /* README.md in Resources */,
				8E8300452771FEC2009CCDA8 /* LaunchScreen.storyboard in Resources */,
				8E8300422771FEC2009CCDA8 /* Assets.xcassets in Resources */,
			);
			runOnlyForDeploymentPostprocessing = 0;
		};
		8E8300492771FEC2009CCDA8 /* Resources */ = {
			isa = PBXResourcesBuildPhase;
			buildActionMask = 2147483647;
			files = (
			);
			runOnlyForDeploymentPostprocessing = 0;
		};
		8E8300532771FEC2009CCDA8 /* Resources */ = {
			isa = PBXResourcesBuildPhase;
			buildActionMask = 2147483647;
			files = (
			);
			runOnlyForDeploymentPostprocessing = 0;
		};
/* End PBXResourcesBuildPhase section */

/* Begin PBXSourcesBuildPhase section */
		8E8300312771FEC0009CCDA8 /* Sources */ = {
			isa = PBXSourcesBuildPhase;
			buildActionMask = 2147483647;
			files = (
				8E8300392771FEC0009CCDA8 /* AppDelegate.swift in Sources */,
			);
			runOnlyForDeploymentPostprocessing = 0;
		};
		8E8300472771FEC2009CCDA8 /* Sources */ = {
			isa = PBXSourcesBuildPhase;
			buildActionMask = 2147483647;
			files = (
				8E8300502771FEC2009CCDA8 /* SoundsBinderTests.swift in Sources */,
			);
			runOnlyForDeploymentPostprocessing = 0;
		};
		8E8300512771FEC2009CCDA8 /* Sources */ = {
			isa = PBXSourcesBuildPhase;
			buildActionMask = 2147483647;
			files = (
			);
			runOnlyForDeploymentPostprocessing = 0;
		};
/* End PBXSourcesBuildPhase section */

/* Begin PBXTargetDependency section */
		8E83004D2771FEC2009CCDA8 /* PBXTargetDependency */ = {
			isa = PBXTargetDependency;
			target = 8E8300342771FEC0009CCDA8 /* SoundsBinder */;
			targetProxy = 8E83004C2771FEC2009CCDA8 /* PBXContainerItemProxy */;
		};
		8E8300572771FEC2009CCDA8 /* PBXTargetDependency */ = {
			isa = PBXTargetDependency;
			target = 8E8300342771FEC0009CCDA8 /* SoundsBinder */;
			targetProxy = 8E8300562771FEC2009CCDA8 /* PBXContainerItemProxy */;
		};
/* End PBXTargetDependency section */

/* Begin PBXVariantGroup section */
		8E8300432771FEC2009CCDA8 /* LaunchScreen.storyboard */ = {
			isa = PBXVariantGroup;
			children = (
				8E8300442771FEC2009CCDA8 /* Base */,
			);
			name = LaunchScreen.storyboard;
			sourceTree = "<group>";
		};
/* End PBXVariantGroup section */

/* Begin XCBuildConfiguration section */
		8E83005D2771FEC2009CCDA8 /* Debug */ = {
			isa = XCBuildConfiguration;
			buildSettings = {
				ALWAYS_SEARCH_USER_PATHS = NO;
				CLANG_ANALYZER_NONNULL = YES;
				CLANG_ANALYZER_NUMBER_OBJECT_CONVERSION = YES_AGGRESSIVE;
				CLANG_CXX_LANGUAGE_STANDARD = "gnu++17";
				CLANG_CXX_LIBRARY = "libc++";
				CLANG_ENABLE_MODULES = YES;
				CLANG_ENABLE_OBJC_ARC = YES;
				CLANG_ENABLE_OBJC_WEAK = YES;
				CLANG_WARN_BLOCK_CAPTURE_AUTORELEASING = YES;
				CLANG_WARN_BOOL_CONVERSION = YES;
				CLANG_WARN_COMMA = YES;
				CLANG_WARN_CONSTANT_CONVERSION = YES;
				CLANG_WARN_DEPRECATED_OBJC_IMPLEMENTATIONS = YES;
				CLANG_WARN_DIRECT_OBJC_ISA_USAGE = YES_ERROR;
				CLANG_WARN_DOCUMENTATION_COMMENTS = YES;
				CLANG_WARN_EMPTY_BODY = YES;
				CLANG_WARN_ENUM_CONVERSION = YES;
				CLANG_WARN_INFINITE_RECURSION = YES;
				CLANG_WARN_INT_CONVERSION = YES;
				CLANG_WARN_NON_LITERAL_NULL_CONVERSION = YES;
				CLANG_WARN_OBJC_IMPLICIT_RETAIN_SELF = YES;
				CLANG_WARN_OBJC_LITERAL_CONVERSION = YES;
				CLANG_WARN_OBJC_ROOT_CLASS = YES_ERROR;
				CLANG_WARN_QUOTED_INCLUDE_IN_FRAMEWORK_HEADER = YES;
				CLANG_WARN_RANGE_LOOP_ANALYSIS = YES;
				CLANG_WARN_STRICT_PROTOTYPES = YES;
				CLANG_WARN_SUSPICIOUS_MOVE = YES;
				CLANG_WARN_UNGUARDED_AVAILABILITY = YES_AGGRESSIVE;
				CLANG_WARN_UNREACHABLE_CODE = YES;
				CLANG_WARN__DUPLICATE_METHOD_MATCH = YES;
				COPY_PHASE_STRIP = NO;
				DEBUG_INFORMATION_FORMAT = dwarf;
				ENABLE_STRICT_OBJC_MSGSEND = YES;
				ENABLE_TESTABILITY = YES;
				GCC_C_LANGUAGE_STANDARD = gnu11;
				GCC_DYNAMIC_NO_PIC = NO;
				GCC_NO_COMMON_BLOCKS = YES;
				GCC_OPTIMIZATION_LEVEL = 0;
				GCC_PREPROCESSOR_DEFINITIONS = (
					"DEBUG=1",
					"$(inherited)",
				);
				GCC_WARN_64_TO_32_BIT_CONVERSION = YES;
				GCC_WARN_ABOUT_RETURN_TYPE = YES_ERROR;
				GCC_WARN_UNDECLARED_SELECTOR = YES;
				GCC_WARN_UNINITIALIZED_AUTOS = YES_AGGRESSIVE;
				GCC_WARN_UNUSED_FUNCTION = YES;
				GCC_WARN_UNUSED_VARIABLE = YES;
				IPHONEOS_DEPLOYMENT_TARGET = 15.0;
				MTL_ENABLE_DEBUG_INFO = INCLUDE_SOURCE;
				MTL_FAST_MATH = YES;
				ONLY_ACTIVE_ARCH = YES;
				SDKROOT = iphoneos;
				SWIFT_ACTIVE_COMPILATION_CONDITIONS = DEBUG;
				SWIFT_OPTIMIZATION_LEVEL = "-Onone";
			};
			name = Debug;
		};
		8E83005E2771FEC2009CCDA8 /* Release */ = {
			isa = XCBuildConfiguration;
			buildSettings = {
				ALWAYS_SEARCH_USER_PATHS = NO;
				CLANG_ANALYZER_NONNULL = YES;
				CLANG_ANALYZER_NUMBER_OBJECT_CONVERSION = YES_AGGRESSIVE;
				CLANG_CXX_LANGUAGE_STANDARD = "gnu++17";
				CLANG_CXX_LIBRARY = "libc++";
				CLANG_ENABLE_MODULES = YES;
				CLANG_ENABLE_OBJC_ARC = YES;
				CLANG_ENABLE_OBJC_WEAK = YES;
				CLANG_WARN_BLOCK_CAPTURE_AUTORELEASING = YES;
				CLANG_WARN_BOOL_CONVERSION = YES;
				CLANG_WARN_COMMA = YES;
				CLANG_WARN_CONSTANT_CONVERSION = YES;
				CLANG_WARN_DEPRECATED_OBJC_IMPLEMENTATIONS = YES;
				CLANG_WARN_DIRECT_OBJC_ISA_USAGE = YES_ERROR;
				CLANG_WARN_DOCUMENTATION_COMMENTS = YES;
				CLANG_WARN_EMPTY_BODY = YES;
				CLANG_WARN_ENUM_CONVERSION = YES;
				CLANG_WARN_INFINITE_RECURSION = YES;
				CLANG_WARN_INT_CONVERSION = YES;
				CLANG_WARN_NON_LITERAL_NULL_CONVERSION = YES;
				CLANG_WARN_OBJC_IMPLICIT_RETAIN_SELF = YES;
				CLANG_WARN_OBJC_LITERAL_CONVERSION = YES;
				CLANG_WARN_OBJC_ROOT_CLASS = YES_ERROR;
				CLANG_WARN_QUOTED_INCLUDE_IN_FRAMEWORK_HEADER = YES;
				CLANG_WARN_RANGE_LOOP_ANALYSIS = YES;
				CLANG_WARN_STRICT_PROTOTYPES = YES;
				CLANG_WARN_SUSPICIOUS_MOVE = YES;
				CLANG_WARN_UNGUARDED_AVAILABILITY = YES_AGGRESSIVE;
				CLANG_WARN_UNREACHABLE_CODE = YES;
				CLANG_WARN__DUPLICATE_METHOD_MATCH = YES;
				COPY_PHASE_STRIP = NO;
				DEBUG_INFORMATION_FORMAT = "dwarf-with-dsym";
				ENABLE_NS_ASSERTIONS = NO;
				ENABLE_STRICT_OBJC_MSGSEND = YES;
				GCC_C_LANGUAGE_STANDARD = gnu11;
				GCC_NO_COMMON_BLOCKS = YES;
				GCC_WARN_64_TO_32_BIT_CONVERSION = YES;
				GCC_WARN_ABOUT_RETURN_TYPE = YES_ERROR;
				GCC_WARN_UNDECLARED_SELECTOR = YES;
				GCC_WARN_UNINITIALIZED_AUTOS = YES_AGGRESSIVE;
				GCC_WARN_UNUSED_FUNCTION = YES;
				GCC_WARN_UNUSED_VARIABLE = YES;
				IPHONEOS_DEPLOYMENT_TARGET = 15.0;
				MTL_ENABLE_DEBUG_INFO = NO;
				MTL_FAST_MATH = YES;
				SDKROOT = iphoneos;
				SWIFT_COMPILATION_MODE = wholemodule;
				SWIFT_OPTIMIZATION_LEVEL = "-O";
				VALIDATE_PRODUCT = YES;
			};
			name = Release;
		};
		8E8300602771FEC2009CCDA8 /* Debug */ = {
			isa = XCBuildConfiguration;
			buildSettings = {
				ASSETCATALOG_COMPILER_APPICON_NAME = AppIcon;
				ASSETCATALOG_COMPILER_GLOBAL_ACCENT_COLOR_NAME = AccentColor;
				CODE_SIGN_STYLE = Automatic;
				CURRENT_PROJECT_VERSION = 1;
				DEVELOPMENT_TEAM = 52T6VV3859;
				GENERATE_INFOPLIST_FILE = YES;
				INFOPLIST_FILE = SoundsBinder/Ressources/Info.plist;
				INFOPLIST_KEY_UIApplicationSupportsIndirectInputEvents = YES;
				INFOPLIST_KEY_UILaunchStoryboardName = LaunchScreen;
				INFOPLIST_KEY_UISupportedInterfaceOrientations_iPad = "UIInterfaceOrientationPortrait UIInterfaceOrientationPortraitUpsideDown UIInterfaceOrientationLandscapeLeft UIInterfaceOrientationLandscapeRight";
				INFOPLIST_KEY_UISupportedInterfaceOrientations_iPhone = "UIInterfaceOrientationPortrait UIInterfaceOrientationLandscapeLeft UIInterfaceOrientationLandscapeRight";
				LD_RUNPATH_SEARCH_PATHS = (
					"$(inherited)",
					"@executable_path/Frameworks",
				);
				MARKETING_VERSION = 1.0;
				PRODUCT_BUNDLE_IDENTIFIER = com.deustchekapital.SoundsBinder;
				PRODUCT_NAME = "$(TARGET_NAME)";
				SWIFT_EMIT_LOC_STRINGS = YES;
				SWIFT_VERSION = 5.0;
				TARGETED_DEVICE_FAMILY = "1,2";
			};
			name = Debug;
		};
		8E8300612771FEC2009CCDA8 /* Release */ = {
			isa = XCBuildConfiguration;
			buildSettings = {
				ASSETCATALOG_COMPILER_APPICON_NAME = AppIcon;
				ASSETCATALOG_COMPILER_GLOBAL_ACCENT_COLOR_NAME = AccentColor;
				CODE_SIGN_STYLE = Automatic;
				CURRENT_PROJECT_VERSION = 1;
				DEVELOPMENT_TEAM = 52T6VV3859;
				GENERATE_INFOPLIST_FILE = YES;
				INFOPLIST_FILE = SoundsBinder/Ressources/Info.plist;
				INFOPLIST_KEY_UIApplicationSupportsIndirectInputEvents = YES;
				INFOPLIST_KEY_UILaunchStoryboardName = LaunchScreen;
				INFOPLIST_KEY_UISupportedInterfaceOrientations_iPad = "UIInterfaceOrientationPortrait UIInterfaceOrientationPortraitUpsideDown UIInterfaceOrientationLandscapeLeft UIInterfaceOrientationLandscapeRight";
				INFOPLIST_KEY_UISupportedInterfaceOrientations_iPhone = "UIInterfaceOrientationPortrait UIInterfaceOrientationLandscapeLeft UIInterfaceOrientationLandscapeRight";
				LD_RUNPATH_SEARCH_PATHS = (
					"$(inherited)",
					"@executable_path/Frameworks",
				);
				MARKETING_VERSION = 1.0;
				PRODUCT_BUNDLE_IDENTIFIER = com.deustchekapital.SoundsBinder;
				PRODUCT_NAME = "$(TARGET_NAME)";
				SWIFT_EMIT_LOC_STRINGS = YES;
				SWIFT_VERSION = 5.0;
				TARGETED_DEVICE_FAMILY = "1,2";
			};
			name = Release;
		};
		8E8300632771FEC2009CCDA8 /* Debug */ = {
			isa = XCBuildConfiguration;
			buildSettings = {
				ALWAYS_EMBED_SWIFT_STANDARD_LIBRARIES = YES;
				BUNDLE_LOADER = "$(TEST_HOST)";
				CODE_SIGN_STYLE = Automatic;
				CURRENT_PROJECT_VERSION = 1;
				DEVELOPMENT_TEAM = 52T6VV3859;
				GENERATE_INFOPLIST_FILE = YES;
				IPHONEOS_DEPLOYMENT_TARGET = 15.0;
				LD_RUNPATH_SEARCH_PATHS = (
					"$(inherited)",
					"@executable_path/Frameworks",
					"@loader_path/Frameworks",
				);
				MARKETING_VERSION = 1.0;
				PRODUCT_BUNDLE_IDENTIFIER = com.deustchekapital.SoundsBinderTests;
				PRODUCT_NAME = "$(TARGET_NAME)";
				SWIFT_EMIT_LOC_STRINGS = NO;
				SWIFT_VERSION = 5.0;
				TARGETED_DEVICE_FAMILY = "1,2";
				TEST_HOST = "$(BUILT_PRODUCTS_DIR)/SoundsBinder.app/SoundsBinder";
			};
			name = Debug;
		};
		8E8300642771FEC2009CCDA8 /* Release */ = {
			isa = XCBuildConfiguration;
			buildSettings = {
				ALWAYS_EMBED_SWIFT_STANDARD_LIBRARIES = YES;
				BUNDLE_LOADER = "$(TEST_HOST)";
				CODE_SIGN_STYLE = Automatic;
				CURRENT_PROJECT_VERSION = 1;
				DEVELOPMENT_TEAM = 52T6VV3859;
				GENERATE_INFOPLIST_FILE = YES;
				IPHONEOS_DEPLOYMENT_TARGET = 15.0;
				LD_RUNPATH_SEARCH_PATHS = (
					"$(inherited)",
					"@executable_path/Frameworks",
					"@loader_path/Frameworks",
				);
				MARKETING_VERSION = 1.0;
				PRODUCT_BUNDLE_IDENTIFIER = com.deustchekapital.SoundsBinderTests;
				PRODUCT_NAME = "$(TARGET_NAME)";
				SWIFT_EMIT_LOC_STRINGS = NO;
				SWIFT_VERSION = 5.0;
				TARGETED_DEVICE_FAMILY = "1,2";
				TEST_HOST = "$(BUILT_PRODUCTS_DIR)/SoundsBinder.app/SoundsBinder";
			};
			name = Release;
		};
		8E8300662771FEC2009CCDA8 /* Debug */ = {
			isa = XCBuildConfiguration;
			buildSettings = {
				ALWAYS_EMBED_SWIFT_STANDARD_LIBRARIES = YES;
				CODE_SIGN_STYLE = Automatic;
				CURRENT_PROJECT_VERSION = 1;
				DEVELOPMENT_TEAM = 52T6VV3859;
				GENERATE_INFOPLIST_FILE = YES;
				LD_RUNPATH_SEARCH_PATHS = (
					"$(inherited)",
					"@executable_path/Frameworks",
					"@loader_path/Frameworks",
				);
				MARKETING_VERSION = 1.0;
				PRODUCT_BUNDLE_IDENTIFIER = com.deustchekapital.SoundsBinderUITests;
				PRODUCT_NAME = "$(TARGET_NAME)";
				SWIFT_EMIT_LOC_STRINGS = NO;
				SWIFT_VERSION = 5.0;
				TARGETED_DEVICE_FAMILY = "1,2";
				TEST_TARGET_NAME = SoundsBinder;
			};
			name = Debug;
		};
		8E8300672771FEC2009CCDA8 /* Release */ = {
			isa = XCBuildConfiguration;
			buildSettings = {
				ALWAYS_EMBED_SWIFT_STANDARD_LIBRARIES = YES;
				CODE_SIGN_STYLE = Automatic;
				CURRENT_PROJECT_VERSION = 1;
				DEVELOPMENT_TEAM = 52T6VV3859;
				GENERATE_INFOPLIST_FILE = YES;
				LD_RUNPATH_SEARCH_PATHS = (
					"$(inherited)",
					"@executable_path/Frameworks",
					"@loader_path/Frameworks",
				);
				MARKETING_VERSION = 1.0;
				PRODUCT_BUNDLE_IDENTIFIER = com.deustchekapital.SoundsBinderUITests;
				PRODUCT_NAME = "$(TARGET_NAME)";
				SWIFT_EMIT_LOC_STRINGS = NO;
				SWIFT_VERSION = 5.0;
				TARGETED_DEVICE_FAMILY = "1,2";
				TEST_TARGET_NAME = SoundsBinder;
			};
			name = Release;
		};
/* End XCBuildConfiguration section */

/* Begin XCConfigurationList section */
		8E8300302771FEBF009CCDA8 /* Build configuration list for PBXProject "SoundsBinder" */ = {
			isa = XCConfigurationList;
			buildConfigurations = (
				8E83005D2771FEC2009CCDA8 /* Debug */,
				8E83005E2771FEC2009CCDA8 /* Release */,
			);
			defaultConfigurationIsVisible = 0;
			defaultConfigurationName = Release;
		};
		8E83005F2771FEC2009CCDA8 /* Build configuration list for PBXNativeTarget "SoundsBinder" */ = {
			isa = XCConfigurationList;
			buildConfigurations = (
				8E8300602771FEC2009CCDA8 /* Debug */,
				8E8300612771FEC2009CCDA8 /* Release */,
			);
			defaultConfigurationIsVisible = 0;
			defaultConfigurationName = Release;
		};
		8E8300622771FEC2009CCDA8 /* Build configuration list for PBXNativeTarget "SoundsBinderTests" */ = {
			isa = XCConfigurationList;
			buildConfigurations = (
				8E8300632771FEC2009CCDA8 /* Debug */,
				8E8300642771FEC2009CCDA8 /* Release */,
			);
			defaultConfigurationIsVisible = 0;
			defaultConfigurationName = Release;
		};
		8E8300652771FEC2009CCDA8 /* Build configuration list for PBXNativeTarget "SoundsBinderUITests" */ = {
			isa = XCConfigurationList;
			buildConfigurations = (
				8E8300662771FEC2009CCDA8 /* Debug */,
				8E8300672771FEC2009CCDA8 /* Release */,
			);
			defaultConfigurationIsVisible = 0;
			defaultConfigurationName = Release;
		};
/* End XCConfigurationList section */
	};
	rootObject = 8E83002D2771FEBF009CCDA8 /* Project object */;
}
